// !$*UTF8*$!
{
	archiveVersion = 1;
	classes = {
	};
	objectVersion = 50;
	objects = {

/* Begin PBXBuildFile section */
		568B8F11209264F600F47807 /* main.m in Sources */ = {isa = PBXBuildFile; fileRef = 568B8F10209264F600F47807 /* main.m */; };
		568B8F1C209265ED00F47807 /* InputHandler.m in Sources */ = {isa = PBXBuildFile; fileRef = 568B8F1A209265ED00F47807 /* InputHandler.m */; };
		568B8F1F209266E900F47807 /* PaymentGateway.m in Sources */ = {isa = PBXBuildFile; fileRef = 568B8F1E209266E900F47807 /* PaymentGateway.m */; };
		568B8F222092682700F47807 /* PaypalPaymentService.m in Sources */ = {isa = PBXBuildFile; fileRef = 568B8F212092682700F47807 /* PaypalPaymentService.m */; };
		568B8F252092683700F47807 /* StripePaymentService.m in Sources */ = {isa = PBXBuildFile; fileRef = 568B8F242092683700F47807 /* StripePaymentService.m */; };
		568B8F282092684600F47807 /* AmazonPaymentService.m in Sources */ = {isa = PBXBuildFile; fileRef = 568B8F272092684600F47807 /* AmazonPaymentService.m */; };
		568B8F3120927B5A00F47807 /* ApplePaymentService.m in Sources */ = {isa = PBXBuildFile; fileRef = 568B8F3020927B5A00F47807 /* ApplePaymentService.m */; };
/* End PBXBuildFile section */

/* Begin PBXCopyFilesBuildPhase section */
		568B8F0B209264F600F47807 /* CopyFiles */ = {
			isa = PBXCopyFilesBuildPhase;
			buildActionMask = 2147483647;
			dstPath = /usr/share/man/man1/;
			dstSubfolderSpec = 0;
			files = (
			);
			runOnlyForDeploymentPostprocessing = 1;
		};
/* End PBXCopyFilesBuildPhase section */

/* Begin PBXFileReference section */
		568B8F0D209264F600F47807 /* Assignment10 */ = {isa = PBXFileReference; explicitFileType = "compiled.mach-o.executable"; includeInIndex = 0; path = Assignment10; sourceTree = BUILT_PRODUCTS_DIR; };
		568B8F10209264F600F47807 /* main.m */ = {isa = PBXFileReference; lastKnownFileType = sourcecode.c.objc; path = main.m; sourceTree = "<group>"; };
		568B8F1A209265ED00F47807 /* InputHandler.m */ = {isa = PBXFileReference; fileEncoding = 4; lastKnownFileType = sourcecode.c.objc; path = InputHandler.m; sourceTree = "<group>"; };
		568B8F1B209265ED00F47807 /* InputHandler.h */ = {isa = PBXFileReference; fileEncoding = 4; lastKnownFileType = sourcecode.c.h; path = InputHandler.h; sourceTree = "<group>"; };
		568B8F1D209266E900F47807 /* PaymentGateway.h */ = {isa = PBXFileReference; lastKnownFileType = sourcecode.c.h; path = PaymentGateway.h; sourceTree = "<group>"; };
		568B8F1E209266E900F47807 /* PaymentGateway.m */ = {isa = PBXFileReference; lastKnownFileType = sourcecode.c.objc; path = PaymentGateway.m; sourceTree = "<group>"; };
		568B8F202092682700F47807 /* PaypalPaymentService.h */ = {isa = PBXFileReference; lastKnownFileType = sourcecode.c.h; path = PaypalPaymentService.h; sourceTree = "<group>"; };
		568B8F212092682700F47807 /* PaypalPaymentService.m */ = {isa = PBXFileReference; lastKnownFileType = sourcecode.c.objc; path = PaypalPaymentService.m; sourceTree = "<group>"; };
		568B8F232092683700F47807 /* StripePaymentService.h */ = {isa = PBXFileReference; lastKnownFileType = sourcecode.c.h; path = StripePaymentService.h; sourceTree = "<group>"; };
		568B8F242092683700F47807 /* StripePaymentService.m */ = {isa = PBXFileReference; lastKnownFileType = sourcecode.c.objc; path = StripePaymentService.m; sourceTree = "<group>"; };
		568B8F262092684600F47807 /* AmazonPaymentService.h */ = {isa = PBXFileReference; lastKnownFileType = sourcecode.c.h; path = AmazonPaymentService.h; sourceTree = "<group>"; };
		568B8F272092684600F47807 /* AmazonPaymentService.m */ = {isa = PBXFileReference; lastKnownFileType = sourcecode.c.objc; path = AmazonPaymentService.m; sourceTree = "<group>"; };
		568B8F2F20927B5A00F47807 /* ApplePaymentService.h */ = {isa = PBXFileReference; lastKnownFileType = sourcecode.c.h; path = ApplePaymentService.h; sourceTree = "<group>"; };
		568B8F3020927B5A00F47807 /* ApplePaymentService.m */ = {isa = PBXFileReference; lastKnownFileType = sourcecode.c.objc; path = ApplePaymentService.m; sourceTree = "<group>"; };
/* End PBXFileReference section */

/* Begin PBXFrameworksBuildPhase section */
		568B8F0A209264F600F47807 /* Frameworks */ = {
			isa = PBXFrameworksBuildPhase;
			buildActionMask = 2147483647;
			files = (
			);
			runOnlyForDeploymentPostprocessing = 0;
		};
/* End PBXFrameworksBuildPhase section */

/* Begin PBXGroup section */
		568B8F04209264F600F47807 = {
			isa = PBXGroup;
			children = (
				568B8F0F209264F600F47807 /* Assignment10 */,
				568B8F0E209264F600F47807 /* Products */,
			);
			sourceTree = "<group>";
		};
		568B8F0E209264F600F47807 /* Products */ = {
			isa = PBXGroup;
			children = (
				568B8F0D209264F600F47807 /* Assignment10 */,
			);
			name = Products;
			sourceTree = "<group>";
		};
		568B8F0F209264F600F47807 /* Assignment10 */ = {
			isa = PBXGroup;
			children = (
				568B8F10209264F600F47807 /* main.m */,
				568B8F3220927BB500F47807 /* Models */,
				568B8F3320927BC200F47807 /* Utils */,
			);
			path = Assignment10;
			sourceTree = "<group>";
		};
		568B8F3220927BB500F47807 /* Models */ = {
			isa = PBXGroup;
			children = (
				568B8F2F20927B5A00F47807 /* ApplePaymentService.h */,
				568B8F3020927B5A00F47807 /* ApplePaymentService.m */,
				568B8F202092682700F47807 /* PaypalPaymentService.h */,
				568B8F212092682700F47807 /* PaypalPaymentService.m */,
				568B8F232092683700F47807 /* StripePaymentService.h */,
				568B8F242092683700F47807 /* StripePaymentService.m */,
				568B8F262092684600F47807 /* AmazonPaymentService.h */,
				568B8F272092684600F47807 /* AmazonPaymentService.m */,
			);
			path = Models;
			sourceTree = "<group>";
		};
		568B8F3320927BC200F47807 /* Utils */ = {
			isa = PBXGroup;
			children = (
				568B8F1B209265ED00F47807 /* InputHandler.h */,
				568B8F1A209265ED00F47807 /* InputHandler.m */,
				568B8F1D209266E900F47807 /* PaymentGateway.h */,
				568B8F1E209266E900F47807 /* PaymentGateway.m */,
			);
			path = Utils;
			sourceTree = "<group>";
		};
/* End PBXGroup section */

/* Begin PBXNativeTarget section */
		568B8F0C209264F600F47807 /* Assignment10 */ = {
			isa = PBXNativeTarget;
			buildConfigurationList = 568B8F14209264F600F47807 /* Build configuration list for PBXNativeTarget "Assignment10" */;
			buildPhases = (
				568B8F09209264F600F47807 /* Sources */,
				568B8F0A209264F600F47807 /* Frameworks */,
				568B8F0B209264F600F47807 /* CopyFiles */,
			);
			buildRules = (
			);
			dependencies = (
			);
			name = Assignment10;
			productName = Assignment10;
			productReference = 568B8F0D209264F600F47807 /* Assignment10 */;
			productType = "com.apple.product-type.tool";
		};
/* End PBXNativeTarget section */

/* Begin PBXProject section */
		568B8F05209264F600F47807 /* Project object */ = {
			isa = PBXProject;
			attributes = {
				LastUpgradeCheck = 0940;
				ORGANIZATIONNAME = dexunzhu;
				TargetAttributes = {
					568B8F0C209264F600F47807 = {
						CreatedOnToolsVersion = 9.4;
					};
				};
			};
			buildConfigurationList = 568B8F08209264F600F47807 /* Build configuration list for PBXProject "Assignment10" */;
			compatibilityVersion = "Xcode 9.3";
			developmentRegion = en;
			hasScannedForEncodings = 0;
			knownRegions = (
				en,
			);
			mainGroup = 568B8F04209264F600F47807;
			productRefGroup = 568B8F0E209264F600F47807 /* Products */;
			projectDirPath = "";
			projectRoot = "";
			targets = (
				568B8F0C209264F600F47807 /* Assignment10 */,
			);
		};
/* End PBXProject section */

/* Begin PBXSourcesBuildPhase section */
		568B8F09209264F600F47807 /* Sources */ = {
			isa = PBXSourcesBuildPhase;
			buildActionMask = 2147483647;
			files = (
				568B8F282092684600F47807 /* AmazonPaymentService.m in Sources */,
				568B8F252092683700F47807 /* StripePaymentService.m in Sources */,
				568B8F1F209266E900F47807 /* PaymentGateway.m in Sources */,
				568B8F3120927B5A00F47807 /* ApplePaymentService.m in Sources */,
				568B8F11209264F600F47807 /* main.m in Sources */,
				568B8F1C209265ED00F47807 /* InputHandler.m in Sources */,
				568B8F222092682700F47807 /* PaypalPaymentService.m in Sources */,
			);
			runOnlyForDeploymentPostprocessing = 0;
		};
/* End PBXSourcesBuildPhase section */

/* Begin XCBuildConfiguration section */
		568B8F12209264F600F47807 /* Debug */ = {
			isa = XCBuildConfiguration;
			buildSettings = {
				ALWAYS_SEARCH_USER_PATHS = NO;
				CLANG_ANALYZER_NONNULL = YES;
				CLANG_ANALYZER_NUMBER_OBJECT_CONVERSION = YES_AGGRESSIVE;
				CLANG_CXX_LANGUAGE_STANDARD = "gnu++14";
				CLANG_CXX_LIBRARY = "libc++";
				CLANG_ENABLE_MODULES = YES;
				CLANG_ENABLE_OBJC_ARC = YES;
				CLANG_ENABLE_OBJC_WEAK = YES;
				CLANG_WARN_BLOCK_CAPTURE_AUTORELEASING = YES;
				CLANG_WARN_BOOL_CONVERSION = YES;
				CLANG_WARN_COMMA = YES;
				CLANG_WARN_CONSTANT_CONVERSION = YES;
				CLANG_WARN_DEPRECATED_OBJC_IMPLEMENTATIONS = YES;
				CLANG_WARN_DIRECT_OBJC_ISA_USAGE = YES_ERROR;
				CLANG_WARN_DOCUMENTATION_COMMENTS = YES;
				CLANG_WARN_EMPTY_BODY = YES;
				CLANG_WARN_ENUM_CONVERSION = YES;
				CLANG_WARN_INFINITE_RECURSION = YES;
				CLANG_WARN_INT_CONVERSION = YES;
				CLANG_WARN_NON_LITERAL_NULL_CONVERSION = YES;
				CLANG_WARN_OBJC_IMPLICIT_RETAIN_SELF = YES;
				CLANG_WARN_OBJC_LITERAL_CONVERSION = YES;
				CLANG_WARN_OBJC_ROOT_CLASS = YES_ERROR;
				CLANG_WARN_RANGE_LOOP_ANALYSIS = YES;
				CLANG_WARN_STRICT_PROTOTYPES = YES;
				CLANG_WARN_SUSPICIOUS_MOVE = YES;
				CLANG_WARN_UNGUARDED_AVAILABILITY = YES_AGGRESSIVE;
				CLANG_WARN_UNREACHABLE_CODE = YES;
				CLANG_WARN__DUPLICATE_METHOD_MATCH = YES;
				CODE_SIGN_IDENTITY = "-";
				COPY_PHASE_STRIP = NO;
				DEBUG_INFORMATION_FORMAT = dwarf;
				ENABLE_STRICT_OBJC_MSGSEND = YES;
				ENABLE_TESTABILITY = YES;
				GCC_C_LANGUAGE_STANDARD = gnu11;
				GCC_DYNAMIC_NO_PIC = NO;
				GCC_NO_COMMON_BLOCKS = YES;
				GCC_OPTIMIZATION_LEVEL = 0;
				GCC_PREPROCESSOR_DEFINITIONS = (
					"DEBUG=1",
					"$(inherited)",
				);
				GCC_WARN_64_TO_32_BIT_CONVERSION = YES;
				GCC_WARN_ABOUT_RETURN_TYPE = YES_ERROR;
				GCC_WARN_UNDECLARED_SELECTOR = YES;
				GCC_WARN_UNINITIALIZED_AUTOS = YES_AGGRESSIVE;
				GCC_WARN_UNUSED_FUNCTION = YES;
				GCC_WARN_UNUSED_VARIABLE = YES;
				MACOSX_DEPLOYMENT_TARGET = 10.13;
				MTL_ENABLE_DEBUG_INFO = YES;
				ONLY_ACTIVE_ARCH = YES;
				SDKROOT = macosx;
			};
			name = Debug;
		};
		568B8F13209264F600F47807 /* Release */ = {
			isa = XCBuildConfiguration;
			buildSettings = {
				ALWAYS_SEARCH_USER_PATHS = NO;
				CLANG_ANALYZER_NONNULL = YES;
				CLANG_ANALYZER_NUMBER_OBJECT_CONVERSION = YES_AGGRESSIVE;
				CLANG_CXX_LANGUAGE_STANDARD = "gnu++14";
				CLANG_CXX_LIBRARY = "libc++";
				CLANG_ENABLE_MODULES = YES;
				CLANG_ENABLE_OBJC_ARC = YES;
				CLANG_ENABLE_OBJC_WEAK = YES;
				CLANG_WARN_BLOCK_CAPTURE_AUTORELEASING = YES;
				CLANG_WARN_BOOL_CONVERSION = YES;
				CLANG_WARN_COMMA = YES;
				CLANG_WARN_CONSTANT_CONVERSION = YES;
				CLANG_WARN_DEPRECATED_OBJC_IMPLEMENTATIONS = YES;
				CLANG_WARN_DIRECT_OBJC_ISA_USAGE = YES_ERROR;
				CLANG_WARN_DOCUMENTATION_COMMENTS = YES;
				CLANG_WARN_EMPTY_BODY = YES;
				CLANG_WARN_ENUM_CONVERSION = YES;
				CLANG_WARN_INFINITE_RECURSION = YES;
				CLANG_WARN_INT_CONVERSION = YES;
				CLANG_WARN_NON_LITERAL_NULL_CONVERSION = YES;
				CLANG_WARN_OBJC_IMPLICIT_RETAIN_SELF = YES;
				CLANG_WARN_OBJC_LITERAL_CONVERSION = YES;
				CLANG_WARN_OBJC_ROOT_CLASS = YES_ERROR;
				CLANG_WARN_RANGE_LOOP_ANALYSIS = YES;
				CLANG_WARN_STRICT_PROTOTYPES = YES;
				CLANG_WARN_SUSPICIOUS_MOVE = YES;
				CLANG_WARN_UNGUARDED_AVAILABILITY = YES_AGGRESSIVE;
				CLANG_WARN_UNREACHABLE_CODE = YES;
				CLANG_WARN__DUPLICATE_METHOD_MATCH = YES;
				CODE_SIGN_IDENTITY = "-";
				COPY_PHASE_STRIP = NO;
				DEBUG_INFORMATION_FORMAT = "dwarf-with-dsym";
				ENABLE_NS_ASSERTIONS = NO;
				ENABLE_STRICT_OBJC_MSGSEND = YES;
				GCC_C_LANGUAGE_STANDARD = gnu11;
				GCC_NO_COMMON_BLOCKS = YES;
				GCC_WARN_64_TO_32_BIT_CONVERSION = YES;
				GCC_WARN_ABOUT_RETURN_TYPE = YES_ERROR;
				GCC_WARN_UNDECLARED_SELECTOR = YES;
				GCC_WARN_UNINITIALIZED_AUTOS = YES_AGGRESSIVE;
				GCC_WARN_UNUSED_FUNCTION = YES;
				GCC_WARN_UNUSED_VARIABLE = YES;
				MACOSX_DEPLOYMENT_TARGET = 10.13;
				MTL_ENABLE_DEBUG_INFO = NO;
				SDKROOT = macosx;
			};
			name = Release;
		};
		568B8F15209264F600F47807 /* Debug */ = {
			isa = XCBuildConfiguration;
			buildSettings = {
				CODE_SIGN_STYLE = Automatic;
				PRODUCT_NAME = "$(TARGET_NAME)";
			};
			name = Debug;
		};
		568B8F16209264F600F47807 /* Release */ = {
			isa = XCBuildConfiguration;
			buildSettings = {
				CODE_SIGN_STYLE = Automatic;
				PRODUCT_NAME = "$(TARGET_NAME)";
			};
			name = Release;
		};
/* End XCBuildConfiguration section */

/* Begin XCConfigurationList section */
		568B8F08209264F600F47807 /* Build configuration list for PBXProject "Assignment10" */ = {
			isa = XCConfigurationList;
			buildConfigurations = (
				568B8F12209264F600F47807 /* Debug */,
				568B8F13209264F600F47807 /* Release */,
			);
			defaultConfigurationIsVisible = 0;
			defaultConfigurationName = Release;
		};
		568B8F14209264F600F47807 /* Build configuration list for PBXNativeTarget "Assignment10" */ = {
			isa = XCConfigurationList;
			buildConfigurations = (
				568B8F15209264F600F47807 /* Debug */,
				568B8F16209264F600F47807 /* Release */,
			);
			defaultConfigurationIsVisible = 0;
			defaultConfigurationName = Release;
		};
/* End XCConfigurationList section */
	};
	rootObject = 568B8F05209264F600F47807 /* Project object */;
}
